
Microsoft Visual Studio Solution File, Format Version 12.00
Project("{FAE04EC0-301F-11D3-BF4B-00C04F79EFBC}") = "HW4", "HW4.csproj", "{F32B1800-300B-45D4-93BB-4210AEE8036B}"
EndProject
Global
	GlobalSection(SolutionConfigurationPlatforms) = preSolution
		Debug|Any CPU = Debug|Any CPU
		Release|Any CPU = Release|Any CPU
	EndGlobalSection
	GlobalSection(ProjectConfigurationPlatforms) = postSolution
		{F32B1800-300B-45D4-93BB-4210AEE8036B}.Debug|Any CPU.ActiveCfg = Debug|Any CPU
		{F32B1800-300B-45D4-93BB-4210AEE8036B}.Debug|Any CPU.Build.0 = Debug|Any CPU
		{F32B1800-300B-45D4-93BB-4210AEE8036B}.Release|Any CPU.ActiveCfg = Release|Any CPU
		{F32B1800-300B-45D4-93BB-4210AEE8036B}.Release|Any CPU.Build.0 = Release|Any CPU
	EndGlobalSection
EndGlobal
